// !$*UTF8*$!
{
	archiveVersion = 1;
	classes = {
	};
	objectVersion = 46;
	objects = {

/* Begin PBXBuildFile section */
		04245F7E1ADBBFC000A1D92A /* MediaPlayer.framework in Frameworks */ = {isa = PBXBuildFile; fileRef = 04245F7D1ADBBFC000A1D92A /* MediaPlayer.framework */; };
		04245F811ADBC78C00A1D92A /* POPTVideoPlayer.mm in Sources */ = {isa = PBXBuildFile; fileRef = 04245F7F1ADBC78C00A1D92A /* POPTVideoPlayer.mm */; };
		04245F821ADBC78C00A1D92A /* POPTVideoPlayer.mm in Sources */ = {isa = PBXBuildFile; fileRef = 04245F7F1ADBC78C00A1D92A /* POPTVideoPlayer.mm */; };
		04245F8C1ADBEDFF00A1D92A /* MaskBaseLayer.cpp in Sources */ = {isa = PBXBuildFile; fileRef = 04245F8A1ADBEDFF00A1D92A /* MaskBaseLayer.cpp */; };
		04245F8D1ADBEDFF00A1D92A /* MaskBaseLayer.cpp in Sources */ = {isa = PBXBuildFile; fileRef = 04245F8A1ADBEDFF00A1D92A /* MaskBaseLayer.cpp */; };
		04245F921ADCE54500A1D92A /* POPTGlobal.cpp in Sources */ = {isa = PBXBuildFile; fileRef = 04245F901ADCE54500A1D92A /* POPTGlobal.cpp */; };
		04245F931ADCE54500A1D92A /* POPTGlobal.cpp in Sources */ = {isa = PBXBuildFile; fileRef = 04245F901ADCE54500A1D92A /* POPTGlobal.cpp */; };
		04245FA01ADD0F5300A1D92A /* EndLayer.cpp in Sources */ = {isa = PBXBuildFile; fileRef = 04245F991ADD0F5300A1D92A /* EndLayer.cpp */; };
		04245FA11ADD0F5300A1D92A /* EndLayer.cpp in Sources */ = {isa = PBXBuildFile; fileRef = 04245F991ADD0F5300A1D92A /* EndLayer.cpp */; };
		04245FA41ADD0F5300A1D92A /* StartScene.cpp in Sources */ = {isa = PBXBuildFile; fileRef = 04245F9E1ADD0F5300A1D92A /* StartScene.cpp */; };
		04245FA51ADD0F5300A1D92A /* StartScene.cpp in Sources */ = {isa = PBXBuildFile; fileRef = 04245F9E1ADD0F5300A1D92A /* StartScene.cpp */; };
		0437C69B1B0C282900CBC492 /* general in Resources */ = {isa = PBXBuildFile; fileRef = 0437C69A1B0C282900CBC492 /* general */; };
		043E4B641AF0BAB300A89B31 /* PlayChord.cpp in Sources */ = {isa = PBXBuildFile; fileRef = 043E4B621AF0BAB300A89B31 /* PlayChord.cpp */; };
		04400F5C1AEE9B7500596225 /* PlayConfig.cpp in Sources */ = {isa = PBXBuildFile; fileRef = 04400F561AEE9B7500596225 /* PlayConfig.cpp */; };
		04400F5D1AEE9B7500596225 /* PlayConfig.cpp in Sources */ = {isa = PBXBuildFile; fileRef = 04400F561AEE9B7500596225 /* PlayConfig.cpp */; };
		04400F5E1AEE9B7500596225 /* PlayRunLayer.cpp in Sources */ = {isa = PBXBuildFile; fileRef = 04400F581AEE9B7500596225 /* PlayRunLayer.cpp */; };
		04400F5F1AEE9B7500596225 /* PlayRunLayer.cpp in Sources */ = {isa = PBXBuildFile; fileRef = 04400F581AEE9B7500596225 /* PlayRunLayer.cpp */; };
		04400F641AEF23ED00596225 /* Section.cpp in Sources */ = {isa = PBXBuildFile; fileRef = 04400F621AEF23ED00596225 /* Section.cpp */; };
		04400F651AEF23ED00596225 /* Section.cpp in Sources */ = {isa = PBXBuildFile; fileRef = 04400F621AEF23ED00596225 /* Section.cpp */; };
		0458BC581B1BF0C300A66F12 /* AuditionLayer.cpp in Sources */ = {isa = PBXBuildFile; fileRef = 0458BC561B1BF0C300A66F12 /* AuditionLayer.cpp */; };
		04778F031AC2567000260CFC /* GameRunScene.cpp in Sources */ = {isa = PBXBuildFile; fileRef = 04778EE81AC2567000260CFC /* GameRunScene.cpp */; };
		04778F041AC2567000260CFC /* GameRunScene.cpp in Sources */ = {isa = PBXBuildFile; fileRef = 04778EE81AC2567000260CFC /* GameRunScene.cpp */; };
		04778F071AC2567000260CFC /* GameLevelScene.cpp in Sources */ = {isa = PBXBuildFile; fileRef = 04778EED1AC2567000260CFC /* GameLevelScene.cpp */; };
		04778F081AC2567000260CFC /* GameLevelScene.cpp in Sources */ = {isa = PBXBuildFile; fileRef = 04778EED1AC2567000260CFC /* GameLevelScene.cpp */; };
		04778F091AC2567000260CFC /* GameLevelMenuItem.cpp in Sources */ = {isa = PBXBuildFile; fileRef = 04778EEF1AC2567000260CFC /* GameLevelMenuItem.cpp */; };
		04778F0A1AC2567000260CFC /* GameLevelMenuItem.cpp in Sources */ = {isa = PBXBuildFile; fileRef = 04778EEF1AC2567000260CFC /* GameLevelMenuItem.cpp */; };
		04778F1D1AC2569F00260CFC /* AppDelegate.cpp in Sources */ = {isa = PBXBuildFile; fileRef = 04778F1B1AC2569F00260CFC /* AppDelegate.cpp */; };
		04778F1E1AC2569F00260CFC /* AppDelegate.cpp in Sources */ = {isa = PBXBuildFile; fileRef = 04778F1B1AC2569F00260CFC /* AppDelegate.cpp */; };
		04778F271AC2574900260CFC /* PluginHelper.mm in Sources */ = {isa = PBXBuildFile; fileRef = 04778F241AC2574900260CFC /* PluginHelper.mm */; };
		04778F281AC2574900260CFC /* PluginHelper.mm in Sources */ = {isa = PBXBuildFile; fileRef = 04778F241AC2574900260CFC /* PluginHelper.mm */; };
		04778F3B1AC25D6400260CFC /* BlueToothHelper.mm in Sources */ = {isa = PBXBuildFile; fileRef = 04778F3A1AC25D6400260CFC /* BlueToothHelper.mm */; };
		04778F3C1AC25D6400260CFC /* BlueToothHelper.mm in Sources */ = {isa = PBXBuildFile; fileRef = 04778F3A1AC25D6400260CFC /* BlueToothHelper.mm */; };
		04778F3E1AC25D7600260CFC /* CoreBluetooth.framework in Frameworks */ = {isa = PBXBuildFile; fileRef = 04778F3D1AC25D7600260CFC /* CoreBluetooth.framework */; };
		047CA43D1B17ECCE0055A36B /* Lyric.cpp in Sources */ = {isa = PBXBuildFile; fileRef = 047CA43B1B17ECCE0055A36B /* Lyric.cpp */; };
		047CA4411B195E8A0055A36B /* PassSence.cpp in Sources */ = {isa = PBXBuildFile; fileRef = 047CA43F1B195E8A0055A36B /* PassSence.cpp */; };
		04853E861ADABEE70023EE1D /* GameLevelSingleton.cpp in Sources */ = {isa = PBXBuildFile; fileRef = 04853E841ADABEE70023EE1D /* GameLevelSingleton.cpp */; };
		04853E871ADABEE70023EE1D /* GameLevelSingleton.cpp in Sources */ = {isa = PBXBuildFile; fileRef = 04853E841ADABEE70023EE1D /* GameLevelSingleton.cpp */; };
		04853E8A1ADAC0AC0023EE1D /* GameLevelInfo.cpp in Sources */ = {isa = PBXBuildFile; fileRef = 04853E881ADAC0AC0023EE1D /* GameLevelInfo.cpp */; };
		04853E8B1ADAC0AC0023EE1D /* GameLevelInfo.cpp in Sources */ = {isa = PBXBuildFile; fileRef = 04853E881ADAC0AC0023EE1D /* GameLevelInfo.cpp */; };
		048FE9741AEE86470008E835 /* fonts in Resources */ = {isa = PBXBuildFile; fileRef = 048FE9731AEE86470008E835 /* fonts */; };
		048FE9751AEE86470008E835 /* fonts in Resources */ = {isa = PBXBuildFile; fileRef = 048FE9731AEE86470008E835 /* fonts */; };
		048FE97C1AEE86D10008E835 /* MusicModel.cpp in Sources */ = {isa = PBXBuildFile; fileRef = 048FE97A1AEE86D10008E835 /* MusicModel.cpp */; };
		048FE97D1AEE86D10008E835 /* MusicModel.cpp in Sources */ = {isa = PBXBuildFile; fileRef = 048FE97A1AEE86D10008E835 /* MusicModel.cpp */; };
		0499683F1B0C774B00B3CABA /* POPTTonic2StrSingleton.cpp in Sources */ = {isa = PBXBuildFile; fileRef = 0499683D1B0C774B00B3CABA /* POPTTonic2StrSingleton.cpp */; };
		049968451B11620C00B3CABA /* LyricModel.cpp in Sources */ = {isa = PBXBuildFile; fileRef = 049968431B11620C00B3CABA /* LyricModel.cpp */; };
		049968481B11B23D00B3CABA /* PlayInfo.cpp in Sources */ = {isa = PBXBuildFile; fileRef = 049968461B11B23D00B3CABA /* PlayInfo.cpp */; };
		04C88D351B04E9E300E18F4A /* PlayString.cpp in Sources */ = {isa = PBXBuildFile; fileRef = 04C88D331B04E9E300E18F4A /* PlayString.cpp */; };
		04CD4F301AC4F7AE00E59AE5 /* BLEScene.cpp in Sources */ = {isa = PBXBuildFile; fileRef = 04CD4F2E1AC4F7AE00E59AE5 /* BLEScene.cpp */; };
		04CD4F341AC4FA4B00E59AE5 /* MusicAnalysis.cpp in Sources */ = {isa = PBXBuildFile; fileRef = 04CD4F321AC4FA4B00E59AE5 /* MusicAnalysis.cpp */; };
		04CD4F371AC504D600E59AE5 /* POPTStringUtils.cpp in Sources */ = {isa = PBXBuildFile; fileRef = 04CD4F351AC504D600E59AE5 /* POPTStringUtils.cpp */; };
		04CD4F381AC504D600E59AE5 /* POPTStringUtils.cpp in Sources */ = {isa = PBXBuildFile; fileRef = 04CD4F351AC504D600E59AE5 /* POPTStringUtils.cpp */; };
		04CD4F521AC6B1C600E59AE5 /* POPTHelper.cpp in Sources */ = {isa = PBXBuildFile; fileRef = 04CD4F501AC6B1C600E59AE5 /* POPTHelper.cpp */; };
		04CDED7B1AFDB72200A772DB /* GameLevelCardHandler.cpp in Sources */ = {isa = PBXBuildFile; fileRef = 04CDED791AFDB72200A772DB /* GameLevelCardHandler.cpp */; };
		04CDED7E1AFDBA5C00A772DB /* GameLevelCardReader.cpp in Sources */ = {isa = PBXBuildFile; fileRef = 04CDED7C1AFDBA5C00A772DB /* GameLevelCardReader.cpp */; };
		04CDED861B00DEA600A772DB /* pad in Resources */ = {isa = PBXBuildFile; fileRef = 04CDED851B00DEA600A772DB /* pad */; };
		04F0EEA41AEE08C300B8BBB7 /* hd in Resources */ = {isa = PBXBuildFile; fileRef = 04F0EEA11AEE08C300B8BBB7 /* hd */; };
		04F0EEAC1AEE08E900B8BBB7 /* config in Resources */ = {isa = PBXBuildFile; fileRef = 04F0EEA71AEE08E900B8BBB7 /* config */; };
		04F0EEAE1AEE08E900B8BBB7 /* music in Resources */ = {isa = PBXBuildFile; fileRef = 04F0EEA91AEE08E900B8BBB7 /* music */; };
		04F0EEAF1AEE08E900B8BBB7 /* video in Resources */ = {isa = PBXBuildFile; fileRef = 04F0EEAA1AEE08E900B8BBB7 /* video */; };
		04F0EEB31AEE0CE300B8BBB7 /* POPTSlider.cpp in Sources */ = {isa = PBXBuildFile; fileRef = 04F0EEB11AEE0CE300B8BBB7 /* POPTSlider.cpp */; };
		04F0EEB51AEE0E7400B8BBB7 /* audio in Resources */ = {isa = PBXBuildFile; fileRef = 04F0EEB41AEE0E7400B8BBB7 /* audio */; };
		04FE964C1B1E078C00C72812 /* GameSettingLayer.cpp in Sources */ = {isa = PBXBuildFile; fileRef = 04FE964A1B1E078C00C72812 /* GameSettingLayer.cpp */; };
		04FE96501B1ED69C00C72812 /* MusicLibScene.cpp in Sources */ = {isa = PBXBuildFile; fileRef = 04FE964E1B1ED69C00C72812 /* MusicLibScene.cpp */; };
		1AC6FB21180E996B004C840B /* libcocos2d Mac.a in Frameworks */ = {isa = PBXBuildFile; fileRef = 1AC6FAF9180E9839004C840B /* libcocos2d Mac.a */; };
		1AC6FB30180E99EB004C840B /* libcocos2d iOS.a in Frameworks */ = {isa = PBXBuildFile; fileRef = 1AC6FB07180E9839004C840B /* libcocos2d iOS.a */; };
		1D60589F0D05DD5A006BFB54 /* Foundation.framework in Frameworks */ = {isa = PBXBuildFile; fileRef = 1D30AB110D05D00D00671497 /* Foundation.framework */; };
		1DF5F4E00D08C38300B7A737 /* UIKit.framework in Frameworks */ = {isa = PBXBuildFile; fileRef = 1DF5F4DF0D08C38300B7A737 /* UIKit.framework */; };
		288765A50DF7441C002DB57D /* CoreGraphics.framework in Frameworks */ = {isa = PBXBuildFile; fileRef = 288765A40DF7441C002DB57D /* CoreGraphics.framework */; };
		503AE0F817EB97AB00D1A890 /* Icon.icns in Resources */ = {isa = PBXBuildFile; fileRef = 503AE0F617EB97AB00D1A890 /* Icon.icns */; };
		503AE10017EB989F00D1A890 /* AppController.mm in Sources */ = {isa = PBXBuildFile; fileRef = 503AE0FB17EB989F00D1A890 /* AppController.mm */; };
		503AE10117EB989F00D1A890 /* main.m in Sources */ = {isa = PBXBuildFile; fileRef = 503AE0FC17EB989F00D1A890 /* main.m */; };
		503AE10217EB989F00D1A890 /* RootViewController.mm in Sources */ = {isa = PBXBuildFile; fileRef = 503AE0FF17EB989F00D1A890 /* RootViewController.mm */; };
		503AE10517EB98FF00D1A890 /* main.cpp in Sources */ = {isa = PBXBuildFile; fileRef = 503AE10317EB98FF00D1A890 /* main.cpp */; };
		503AE11B17EB9C5A00D1A890 /* IOKit.framework in Frameworks */ = {isa = PBXBuildFile; fileRef = 503AE11A17EB9C5A00D1A890 /* IOKit.framework */; };
		5087E76317EB910900C73F5D /* Foundation.framework in Frameworks */ = {isa = PBXBuildFile; fileRef = 1D30AB110D05D00D00671497 /* Foundation.framework */; };
		5087E76717EB910900C73F5D /* libz.dylib in Frameworks */ = {isa = PBXBuildFile; fileRef = BF170DB412928DE900B8313A /* libz.dylib */; };
		5087E76817EB910900C73F5D /* QuartzCore.framework in Frameworks */ = {isa = PBXBuildFile; fileRef = BF1C47EA1293683800B63C5D /* QuartzCore.framework */; };
		5087E76917EB910900C73F5D /* OpenAL.framework in Frameworks */ = {isa = PBXBuildFile; fileRef = D44C620B132DFF330009C878 /* OpenAL.framework */; };
		5087E76A17EB910900C73F5D /* AVFoundation.framework in Frameworks */ = {isa = PBXBuildFile; fileRef = D44C620D132DFF430009C878 /* AVFoundation.framework */; };
		5087E76B17EB910900C73F5D /* AudioToolbox.framework in Frameworks */ = {isa = PBXBuildFile; fileRef = D44C620F132DFF4E0009C878 /* AudioToolbox.framework */; };
		5087E77D17EB970100C73F5D /* Default-568h@2x.png in Resources */ = {isa = PBXBuildFile; fileRef = 5087E77217EB970100C73F5D /* Default-568h@2x.png */; };
		5087E77E17EB970100C73F5D /* Default.png in Resources */ = {isa = PBXBuildFile; fileRef = 5087E77317EB970100C73F5D /* Default.png */; };
		5087E77F17EB970100C73F5D /* Default@2x.png in Resources */ = {isa = PBXBuildFile; fileRef = 5087E77417EB970100C73F5D /* Default@2x.png */; };
		5087E78017EB970100C73F5D /* Icon-114.png in Resources */ = {isa = PBXBuildFile; fileRef = 5087E77517EB970100C73F5D /* Icon-114.png */; };
		5087E78117EB970100C73F5D /* Icon-120.png in Resources */ = {isa = PBXBuildFile; fileRef = 5087E77617EB970100C73F5D /* Icon-120.png */; };
		5087E78217EB970100C73F5D /* Icon-144.png in Resources */ = {isa = PBXBuildFile; fileRef = 5087E77717EB970100C73F5D /* Icon-144.png */; };
		5087E78317EB970100C73F5D /* Icon-152.png in Resources */ = {isa = PBXBuildFile; fileRef = 5087E77817EB970100C73F5D /* Icon-152.png */; };
		5087E78417EB970100C73F5D /* Icon-57.png in Resources */ = {isa = PBXBuildFile; fileRef = 5087E77917EB970100C73F5D /* Icon-57.png */; };
		5087E78517EB970100C73F5D /* Icon-72.png in Resources */ = {isa = PBXBuildFile; fileRef = 5087E77A17EB970100C73F5D /* Icon-72.png */; };
		5087E78617EB970100C73F5D /* Icon-76.png in Resources */ = {isa = PBXBuildFile; fileRef = 5087E77B17EB970100C73F5D /* Icon-76.png */; };
		5087E78917EB974C00C73F5D /* AppKit.framework in Frameworks */ = {isa = PBXBuildFile; fileRef = 5087E78817EB974C00C73F5D /* AppKit.framework */; };
		5087E78B17EB975400C73F5D /* OpenGL.framework in Frameworks */ = {isa = PBXBuildFile; fileRef = 5087E78A17EB975400C73F5D /* OpenGL.framework */; };
		50EF629617ECD46A001EB2F8 /* Icon-40.png in Resources */ = {isa = PBXBuildFile; fileRef = 50EF629217ECD46A001EB2F8 /* Icon-40.png */; };
		50EF629717ECD46A001EB2F8 /* Icon-58.png in Resources */ = {isa = PBXBuildFile; fileRef = 50EF629317ECD46A001EB2F8 /* Icon-58.png */; };
		50EF629817ECD46A001EB2F8 /* Icon-80.png in Resources */ = {isa = PBXBuildFile; fileRef = 50EF629417ECD46A001EB2F8 /* Icon-80.png */; };
		50EF629917ECD46A001EB2F8 /* Icon-100.png in Resources */ = {isa = PBXBuildFile; fileRef = 50EF629517ECD46A001EB2F8 /* Icon-100.png */; };
		50EF62A217ECD613001EB2F8 /* Icon-29.png in Resources */ = {isa = PBXBuildFile; fileRef = 50EF62A017ECD613001EB2F8 /* Icon-29.png */; };
		50EF62A317ECD613001EB2F8 /* Icon-50.png in Resources */ = {isa = PBXBuildFile; fileRef = 50EF62A117ECD613001EB2F8 /* Icon-50.png */; };
		521A8E6419F0C34300D177D7 /* Default-667h@2x.png in Resources */ = {isa = PBXBuildFile; fileRef = 521A8E6219F0C34300D177D7 /* Default-667h@2x.png */; };
		521A8E6519F0C34300D177D7 /* Default-736h@3x.png in Resources */ = {isa = PBXBuildFile; fileRef = 521A8E6319F0C34300D177D7 /* Default-736h@3x.png */; };
		52B47A471A53D09C004E4C60 /* Security.framework in Frameworks */ = {isa = PBXBuildFile; fileRef = 52B47A461A53D09B004E4C60 /* Security.framework */; };
		BF171245129291EC00B8313A /* OpenGLES.framework in Frameworks */ = {isa = PBXBuildFile; fileRef = BF170DB012928DE900B8313A /* OpenGLES.framework */; };
		BF1712471292920000B8313A /* libz.dylib in Frameworks */ = {isa = PBXBuildFile; fileRef = BF170DB412928DE900B8313A /* libz.dylib */; };
		BF1C47F01293687400B63C5D /* QuartzCore.framework in Frameworks */ = {isa = PBXBuildFile; fileRef = BF1C47EA1293683800B63C5D /* QuartzCore.framework */; };
		D44C620C132DFF330009C878 /* OpenAL.framework in Frameworks */ = {isa = PBXBuildFile; fileRef = D44C620B132DFF330009C878 /* OpenAL.framework */; };
		D44C620E132DFF430009C878 /* AVFoundation.framework in Frameworks */ = {isa = PBXBuildFile; fileRef = D44C620D132DFF430009C878 /* AVFoundation.framework */; };
		D44C6210132DFF4E0009C878 /* AudioToolbox.framework in Frameworks */ = {isa = PBXBuildFile; fileRef = D44C620F132DFF4E0009C878 /* AudioToolbox.framework */; };
		D6B0611B1803AB670077942B /* CoreMotion.framework in Frameworks */ = {isa = PBXBuildFile; fileRef = D6B0611A1803AB670077942B /* CoreMotion.framework */; };
/* End PBXBuildFile section */

/* Begin PBXContainerItemProxy section */
		1AC6FAF8180E9839004C840B /* PBXContainerItemProxy */ = {
			isa = PBXContainerItemProxy;
			containerPortal = 1AC6FAE5180E9839004C840B /* cocos2d_libs.xcodeproj */;
			proxyType = 2;
			remoteGlobalIDString = 1551A33F158F2AB200E66CFE;
			remoteInfo = "cocos2dx Mac";
		};
		1AC6FB06180E9839004C840B /* PBXContainerItemProxy */ = {
			isa = PBXContainerItemProxy;
			containerPortal = 1AC6FAE5180E9839004C840B /* cocos2d_libs.xcodeproj */;
			proxyType = 2;
			remoteGlobalIDString = A07A4D641783777C0073F6A7;
			remoteInfo = "cocos2dx iOS";
		};
		1AC6FB15180E9959004C840B /* PBXContainerItemProxy */ = {
			isa = PBXContainerItemProxy;
			containerPortal = 1AC6FAE5180E9839004C840B /* cocos2d_libs.xcodeproj */;
			proxyType = 1;
			remoteGlobalIDString = 1551A33E158F2AB200E66CFE;
			remoteInfo = "cocos2dx Mac";
		};
		1AC6FB24180E99E1004C840B /* PBXContainerItemProxy */ = {
			isa = PBXContainerItemProxy;
			containerPortal = 1AC6FAE5180E9839004C840B /* cocos2d_libs.xcodeproj */;
			proxyType = 1;
			remoteGlobalIDString = A07A4C241783777C0073F6A7;
			remoteInfo = "cocos2dx iOS";
		};
/* End PBXContainerItemProxy section */

/* Begin PBXFileReference section */
		04245F7B1ADBBF7700A1D92A /* CoreVideo.framework */ = {isa = PBXFileReference; lastKnownFileType = wrapper.framework; name = CoreVideo.framework; path = Platforms/iPhoneOS.platform/Developer/SDKs/iPhoneOS8.2.sdk/System/Library/Frameworks/CoreVideo.framework; sourceTree = DEVELOPER_DIR; };
		04245F7D1ADBBFC000A1D92A /* MediaPlayer.framework */ = {isa = PBXFileReference; lastKnownFileType = wrapper.framework; name = MediaPlayer.framework; path = Platforms/iPhoneOS.platform/Developer/SDKs/iPhoneOS8.2.sdk/System/Library/Frameworks/MediaPlayer.framework; sourceTree = DEVELOPER_DIR; };
		04245F7F1ADBC78C00A1D92A /* POPTVideoPlayer.mm */ = {isa = PBXFileReference; fileEncoding = 4; lastKnownFileType = sourcecode.cpp.objcpp; path = POPTVideoPlayer.mm; sourceTree = "<group>"; };
		04245F801ADBC78C00A1D92A /* POPTVideoPlayer.h */ = {isa = PBXFileReference; fileEncoding = 4; lastKnownFileType = sourcecode.c.h; path = POPTVideoPlayer.h; sourceTree = "<group>"; };
		04245F8A1ADBEDFF00A1D92A /* MaskBaseLayer.cpp */ = {isa = PBXFileReference; fileEncoding = 4; lastKnownFileType = sourcecode.cpp.cpp; path = MaskBaseLayer.cpp; sourceTree = "<group>"; };
		04245F8B1ADBEDFF00A1D92A /* MaskBaseLayer.h */ = {isa = PBXFileReference; fileEncoding = 4; lastKnownFileType = sourcecode.c.h; path = MaskBaseLayer.h; sourceTree = "<group>"; };
		04245F8E1ADCD8F300A1D92A /* POPTBaseDefine.h */ = {isa = PBXFileReference; fileEncoding = 4; lastKnownFileType = sourcecode.c.h; path = POPTBaseDefine.h; sourceTree = "<group>"; };
		04245F901ADCE54500A1D92A /* POPTGlobal.cpp */ = {isa = PBXFileReference; fileEncoding = 4; lastKnownFileType = sourcecode.cpp.cpp; path = POPTGlobal.cpp; sourceTree = "<group>"; };
		04245F911ADCE54500A1D92A /* POPTGlobal.h */ = {isa = PBXFileReference; fileEncoding = 4; lastKnownFileType = sourcecode.c.h; path = POPTGlobal.h; sourceTree = "<group>"; };
		04245F951ADCE5B900A1D92A /* Singleton.h */ = {isa = PBXFileReference; fileEncoding = 4; lastKnownFileType = sourcecode.c.h; path = Singleton.h; sourceTree = "<group>"; };
		04245F991ADD0F5300A1D92A /* EndLayer.cpp */ = {isa = PBXFileReference; fileEncoding = 4; lastKnownFileType = sourcecode.cpp.cpp; path = EndLayer.cpp; sourceTree = "<group>"; };
		04245F9A1ADD0F5300A1D92A /* EndLayer.h */ = {isa = PBXFileReference; fileEncoding = 4; lastKnownFileType = sourcecode.c.h; path = EndLayer.h; sourceTree = "<group>"; };
		04245F9E1ADD0F5300A1D92A /* StartScene.cpp */ = {isa = PBXFileReference; fileEncoding = 4; lastKnownFileType = sourcecode.cpp.cpp; path = StartScene.cpp; sourceTree = "<group>"; };
		04245F9F1ADD0F5300A1D92A /* StartScene.h */ = {isa = PBXFileReference; fileEncoding = 4; lastKnownFileType = sourcecode.c.h; path = StartScene.h; sourceTree = "<group>"; };
		0437C69A1B0C282900CBC492 /* general */ = {isa = PBXFileReference; lastKnownFileType = folder; path = general; sourceTree = "<group>"; };
		043E4B621AF0BAB300A89B31 /* PlayChord.cpp */ = {isa = PBXFileReference; fileEncoding = 4; lastKnownFileType = sourcecode.cpp.cpp; path = PlayChord.cpp; sourceTree = "<group>"; };
		043E4B631AF0BAB300A89B31 /* PlayChord.h */ = {isa = PBXFileReference; fileEncoding = 4; lastKnownFileType = sourcecode.c.h; path = PlayChord.h; sourceTree = "<group>"; };
		04400F561AEE9B7500596225 /* PlayConfig.cpp */ = {isa = PBXFileReference; fileEncoding = 4; lastKnownFileType = sourcecode.cpp.cpp; path = PlayConfig.cpp; sourceTree = "<group>"; };
		04400F571AEE9B7500596225 /* PlayConfig.h */ = {isa = PBXFileReference; fileEncoding = 4; lastKnownFileType = sourcecode.c.h; path = PlayConfig.h; sourceTree = "<group>"; };
		04400F581AEE9B7500596225 /* PlayRunLayer.cpp */ = {isa = PBXFileReference; fileEncoding = 4; lastKnownFileType = sourcecode.cpp.cpp; path = PlayRunLayer.cpp; sourceTree = "<group>"; };
		04400F591AEE9B7500596225 /* PlayRunLayer.h */ = {isa = PBXFileReference; fileEncoding = 4; lastKnownFileType = sourcecode.c.h; path = PlayRunLayer.h; sourceTree = "<group>"; };
		04400F621AEF23ED00596225 /* Section.cpp */ = {isa = PBXFileReference; fileEncoding = 4; lastKnownFileType = sourcecode.cpp.cpp; path = Section.cpp; sourceTree = "<group>"; };
		04400F631AEF23ED00596225 /* Section.h */ = {isa = PBXFileReference; fileEncoding = 4; lastKnownFileType = sourcecode.c.h; path = Section.h; sourceTree = "<group>"; };
		0458BC561B1BF0C300A66F12 /* AuditionLayer.cpp */ = {isa = PBXFileReference; fileEncoding = 4; lastKnownFileType = sourcecode.cpp.cpp; path = AuditionLayer.cpp; sourceTree = "<group>"; };
		0458BC571B1BF0C300A66F12 /* AuditionLayer.h */ = {isa = PBXFileReference; fileEncoding = 4; lastKnownFileType = sourcecode.c.h; path = AuditionLayer.h; sourceTree = "<group>"; };
		04778EE81AC2567000260CFC /* GameRunScene.cpp */ = {isa = PBXFileReference; fileEncoding = 4; lastKnownFileType = sourcecode.cpp.cpp; path = GameRunScene.cpp; sourceTree = "<group>"; };
		04778EE91AC2567000260CFC /* GameRunScene.h */ = {isa = PBXFileReference; fileEncoding = 4; lastKnownFileType = sourcecode.c.h; path = GameRunScene.h; sourceTree = "<group>"; };
		04778EED1AC2567000260CFC /* GameLevelScene.cpp */ = {isa = PBXFileReference; fileEncoding = 4; lastKnownFileType = sourcecode.cpp.cpp; path = GameLevelScene.cpp; sourceTree = "<group>"; };
		04778EEE1AC2567000260CFC /* GameLevelScene.h */ = {isa = PBXFileReference; fileEncoding = 4; lastKnownFileType = sourcecode.c.h; path = GameLevelScene.h; sourceTree = "<group>"; };
		04778EEF1AC2567000260CFC /* GameLevelMenuItem.cpp */ = {isa = PBXFileReference; fileEncoding = 4; lastKnownFileType = sourcecode.cpp.cpp; path = GameLevelMenuItem.cpp; sourceTree = "<group>"; };
		04778EF01AC2567000260CFC /* GameLevelMenuItem.h */ = {isa = PBXFileReference; fileEncoding = 4; lastKnownFileType = sourcecode.c.h; path = GameLevelMenuItem.h; sourceTree = "<group>"; };
		04778F1B1AC2569F00260CFC /* AppDelegate.cpp */ = {isa = PBXFileReference; fileEncoding = 4; lastKnownFileType = sourcecode.cpp.cpp; path = AppDelegate.cpp; sourceTree = "<group>"; };
		04778F1C1AC2569F00260CFC /* AppDelegate.h */ = {isa = PBXFileReference; fileEncoding = 4; lastKnownFileType = sourcecode.c.h; path = AppDelegate.h; sourceTree = "<group>"; };
		04778F231AC2574900260CFC /* PluginHelper.h */ = {isa = PBXFileReference; fileEncoding = 4; lastKnownFileType = sourcecode.c.h; path = PluginHelper.h; sourceTree = "<group>"; };
		04778F241AC2574900260CFC /* PluginHelper.mm */ = {isa = PBXFileReference; fileEncoding = 4; lastKnownFileType = sourcecode.cpp.objcpp; path = PluginHelper.mm; sourceTree = "<group>"; };
		04778F391AC25D6400260CFC /* BlueToothHelper.h */ = {isa = PBXFileReference; fileEncoding = 4; lastKnownFileType = sourcecode.c.h; path = BlueToothHelper.h; sourceTree = "<group>"; };
		04778F3A1AC25D6400260CFC /* BlueToothHelper.mm */ = {isa = PBXFileReference; fileEncoding = 4; lastKnownFileType = sourcecode.cpp.objcpp; path = BlueToothHelper.mm; sourceTree = "<group>"; };
		04778F3D1AC25D7600260CFC /* CoreBluetooth.framework */ = {isa = PBXFileReference; lastKnownFileType = wrapper.framework; name = CoreBluetooth.framework; path = Platforms/iPhoneOS.platform/Developer/SDKs/iPhoneOS8.2.sdk/System/Library/Frameworks/CoreBluetooth.framework; sourceTree = DEVELOPER_DIR; };
		047CA43B1B17ECCE0055A36B /* Lyric.cpp */ = {isa = PBXFileReference; fileEncoding = 4; lastKnownFileType = sourcecode.cpp.cpp; path = Lyric.cpp; sourceTree = "<group>"; };
		047CA43C1B17ECCE0055A36B /* Lyric.h */ = {isa = PBXFileReference; fileEncoding = 4; lastKnownFileType = sourcecode.c.h; path = Lyric.h; sourceTree = "<group>"; };
		047CA43F1B195E8A0055A36B /* PassSence.cpp */ = {isa = PBXFileReference; fileEncoding = 4; lastKnownFileType = sourcecode.cpp.cpp; path = PassSence.cpp; sourceTree = "<group>"; };
		047CA4401B195E8A0055A36B /* PassSence.h */ = {isa = PBXFileReference; fileEncoding = 4; lastKnownFileType = sourcecode.c.h; path = PassSence.h; sourceTree = "<group>"; };
		04853E841ADABEE70023EE1D /* GameLevelSingleton.cpp */ = {isa = PBXFileReference; fileEncoding = 4; lastKnownFileType = sourcecode.cpp.cpp; path = GameLevelSingleton.cpp; sourceTree = "<group>"; };
		04853E851ADABEE70023EE1D /* GameLevelSingleton.h */ = {isa = PBXFileReference; fileEncoding = 4; lastKnownFileType = sourcecode.c.h; path = GameLevelSingleton.h; sourceTree = "<group>"; };
		04853E881ADAC0AC0023EE1D /* GameLevelInfo.cpp */ = {isa = PBXFileReference; fileEncoding = 4; lastKnownFileType = sourcecode.cpp.cpp; path = GameLevelInfo.cpp; sourceTree = "<group>"; };
		04853E891ADAC0AC0023EE1D /* GameLevelInfo.h */ = {isa = PBXFileReference; fileEncoding = 4; lastKnownFileType = sourcecode.c.h; path = GameLevelInfo.h; sourceTree = "<group>"; };
		048FE9731AEE86470008E835 /* fonts */ = {isa = PBXFileReference; lastKnownFileType = folder; path = fonts; sourceTree = "<group>"; };
		048FE97A1AEE86D10008E835 /* MusicModel.cpp */ = {isa = PBXFileReference; fileEncoding = 4; lastKnownFileType = sourcecode.cpp.cpp; path = MusicModel.cpp; sourceTree = "<group>"; };
		048FE97B1AEE86D10008E835 /* MusicModel.h */ = {isa = PBXFileReference; fileEncoding = 4; lastKnownFileType = sourcecode.c.h; path = MusicModel.h; sourceTree = "<group>"; };
		0499683D1B0C774B00B3CABA /* POPTTonic2StrSingleton.cpp */ = {isa = PBXFileReference; fileEncoding = 4; lastKnownFileType = sourcecode.cpp.cpp; path = POPTTonic2StrSingleton.cpp; sourceTree = "<group>"; };
		0499683E1B0C774B00B3CABA /* POPTTonic2StrSingleton.h */ = {isa = PBXFileReference; fileEncoding = 4; lastKnownFileType = sourcecode.c.h; path = POPTTonic2StrSingleton.h; sourceTree = "<group>"; };
		049968431B11620C00B3CABA /* LyricModel.cpp */ = {isa = PBXFileReference; fileEncoding = 4; lastKnownFileType = sourcecode.cpp.cpp; path = LyricModel.cpp; sourceTree = "<group>"; };
		049968441B11620C00B3CABA /* LyricModel.h */ = {isa = PBXFileReference; fileEncoding = 4; lastKnownFileType = sourcecode.c.h; path = LyricModel.h; sourceTree = "<group>"; };
		049968461B11B23D00B3CABA /* PlayInfo.cpp */ = {isa = PBXFileReference; fileEncoding = 4; lastKnownFileType = sourcecode.cpp.cpp; path = PlayInfo.cpp; sourceTree = "<group>"; };
		049968471B11B23D00B3CABA /* PlayInfo.h */ = {isa = PBXFileReference; fileEncoding = 4; lastKnownFileType = sourcecode.c.h; path = PlayInfo.h; sourceTree = "<group>"; };
		04C88D331B04E9E300E18F4A /* PlayString.cpp */ = {isa = PBXFileReference; fileEncoding = 4; lastKnownFileType = sourcecode.cpp.cpp; path = PlayString.cpp; sourceTree = "<group>"; };
		04C88D341B04E9E300E18F4A /* PlayString.h */ = {isa = PBXFileReference; fileEncoding = 4; lastKnownFileType = sourcecode.c.h; path = PlayString.h; sourceTree = "<group>"; };
		04CD4F2E1AC4F7AE00E59AE5 /* BLEScene.cpp */ = {isa = PBXFileReference; fileEncoding = 4; lastKnownFileType = sourcecode.cpp.cpp; path = BLEScene.cpp; sourceTree = "<group>"; };
		04CD4F2F1AC4F7AE00E59AE5 /* BLEScene.h */ = {isa = PBXFileReference; fileEncoding = 4; lastKnownFileType = sourcecode.c.h; path = BLEScene.h; sourceTree = "<group>"; };
		04CD4F321AC4FA4B00E59AE5 /* MusicAnalysis.cpp */ = {isa = PBXFileReference; fileEncoding = 4; lastKnownFileType = sourcecode.cpp.cpp; path = MusicAnalysis.cpp; sourceTree = "<group>"; };
		04CD4F331AC4FA4B00E59AE5 /* MusicAnalysis.h */ = {isa = PBXFileReference; fileEncoding = 4; lastKnownFileType = sourcecode.c.h; path = MusicAnalysis.h; sourceTree = "<group>"; };
		04CD4F351AC504D600E59AE5 /* POPTStringUtils.cpp */ = {isa = PBXFileReference; fileEncoding = 4; lastKnownFileType = sourcecode.cpp.cpp; path = POPTStringUtils.cpp; sourceTree = "<group>"; };
		04CD4F361AC504D600E59AE5 /* POPTStringUtils.h */ = {isa = PBXFileReference; fileEncoding = 4; lastKnownFileType = sourcecode.c.h; path = POPTStringUtils.h; sourceTree = "<group>"; };
		04CD4F501AC6B1C600E59AE5 /* POPTHelper.cpp */ = {isa = PBXFileReference; fileEncoding = 4; lastKnownFileType = sourcecode.cpp.cpp; path = POPTHelper.cpp; sourceTree = "<group>"; };
		04CD4F511AC6B1C600E59AE5 /* POPTHelper.h */ = {isa = PBXFileReference; fileEncoding = 4; lastKnownFileType = sourcecode.c.h; path = POPTHelper.h; sourceTree = "<group>"; };
		04CDED791AFDB72200A772DB /* GameLevelCardHandler.cpp */ = {isa = PBXFileReference; fileEncoding = 4; lastKnownFileType = sourcecode.cpp.cpp; path = GameLevelCardHandler.cpp; sourceTree = "<group>"; };
		04CDED7A1AFDB72200A772DB /* GameLevelCardHandler.h */ = {isa = PBXFileReference; fileEncoding = 4; lastKnownFileType = sourcecode.c.h; path = GameLevelCardHandler.h; sourceTree = "<group>"; };
		04CDED7C1AFDBA5C00A772DB /* GameLevelCardReader.cpp */ = {isa = PBXFileReference; fileEncoding = 4; lastKnownFileType = sourcecode.cpp.cpp; path = GameLevelCardReader.cpp; sourceTree = "<group>"; };
		04CDED7D1AFDBA5C00A772DB /* GameLevelCardReader.h */ = {isa = PBXFileReference; fileEncoding = 4; lastKnownFileType = sourcecode.c.h; path = GameLevelCardReader.h; sourceTree = "<group>"; };
		04CDED851B00DEA600A772DB /* pad */ = {isa = PBXFileReference; lastKnownFileType = folder; path = pad; sourceTree = "<group>"; };
		04F0EEA11AEE08C300B8BBB7 /* hd */ = {isa = PBXFileReference; lastKnownFileType = folder; path = hd; sourceTree = "<group>"; };
		04F0EEA71AEE08E900B8BBB7 /* config */ = {isa = PBXFileReference; lastKnownFileType = folder; path = config; sourceTree = "<group>"; };
		04F0EEA91AEE08E900B8BBB7 /* music */ = {isa = PBXFileReference; lastKnownFileType = folder; path = music; sourceTree = "<group>"; };
		04F0EEAA1AEE08E900B8BBB7 /* video */ = {isa = PBXFileReference; lastKnownFileType = folder; path = video; sourceTree = "<group>"; };
		04F0EEB11AEE0CE300B8BBB7 /* POPTSlider.cpp */ = {isa = PBXFileReference; fileEncoding = 4; lastKnownFileType = sourcecode.cpp.cpp; path = POPTSlider.cpp; sourceTree = "<group>"; };
		04F0EEB21AEE0CE300B8BBB7 /* POPTSlider.h */ = {isa = PBXFileReference; fileEncoding = 4; lastKnownFileType = sourcecode.c.h; path = POPTSlider.h; sourceTree = "<group>"; };
		04F0EEB41AEE0E7400B8BBB7 /* audio */ = {isa = PBXFileReference; lastKnownFileType = folder; path = audio; sourceTree = "<group>"; };
		04FE964A1B1E078C00C72812 /* GameSettingLayer.cpp */ = {isa = PBXFileReference; fileEncoding = 4; lastKnownFileType = sourcecode.cpp.cpp; path = GameSettingLayer.cpp; sourceTree = "<group>"; };
		04FE964B1B1E078C00C72812 /* GameSettingLayer.h */ = {isa = PBXFileReference; fileEncoding = 4; lastKnownFileType = sourcecode.c.h; path = GameSettingLayer.h; sourceTree = "<group>"; };
		04FE964E1B1ED69C00C72812 /* MusicLibScene.cpp */ = {isa = PBXFileReference; fileEncoding = 4; lastKnownFileType = sourcecode.cpp.cpp; path = MusicLibScene.cpp; sourceTree = "<group>"; };
		04FE964F1B1ED69C00C72812 /* MusicLibScene.h */ = {isa = PBXFileReference; fileEncoding = 4; lastKnownFileType = sourcecode.c.h; path = MusicLibScene.h; sourceTree = "<group>"; };
		1AC6FAE5180E9839004C840B /* cocos2d_libs.xcodeproj */ = {isa = PBXFileReference; lastKnownFileType = "wrapper.pb-project"; name = cocos2d_libs.xcodeproj; path = ../cocos2d/build/cocos2d_libs.xcodeproj; sourceTree = "<group>"; };
		1ACB3243164770DE00914215 /* libcurl.a */ = {isa = PBXFileReference; lastKnownFileType = archive.ar; name = libcurl.a; path = ../../cocos2dx/platform/third_party/ios/libraries/libcurl.a; sourceTree = "<group>"; };
		1D30AB110D05D00D00671497 /* Foundation.framework */ = {isa = PBXFileReference; lastKnownFileType = wrapper.framework; name = Foundation.framework; path = System/Library/Frameworks/Foundation.framework; sourceTree = SDKROOT; };
		1D6058910D05DD3D006BFB54 /* poputar iOS.app */ = {isa = PBXFileReference; explicitFileType = wrapper.application; includeInIndex = 0; path = "poputar iOS.app"; sourceTree = BUILT_PRODUCTS_DIR; };
		1DF5F4DF0D08C38300B7A737 /* UIKit.framework */ = {isa = PBXFileReference; lastKnownFileType = wrapper.framework; name = UIKit.framework; path = System/Library/Frameworks/UIKit.framework; sourceTree = SDKROOT; };
		288765A40DF7441C002DB57D /* CoreGraphics.framework */ = {isa = PBXFileReference; lastKnownFileType = wrapper.framework; name = CoreGraphics.framework; path = System/Library/Frameworks/CoreGraphics.framework; sourceTree = SDKROOT; };
		503AE0F617EB97AB00D1A890 /* Icon.icns */ = {isa = PBXFileReference; lastKnownFileType = image.icns; path = Icon.icns; sourceTree = "<group>"; };
		503AE0F717EB97AB00D1A890 /* Info.plist */ = {isa = PBXFileReference; fileEncoding = 4; lastKnownFileType = text.plist.xml; path = Info.plist; sourceTree = "<group>"; };
		503AE0FA17EB989F00D1A890 /* AppController.h */ = {isa = PBXFileReference; fileEncoding = 4; lastKnownFileType = sourcecode.c.h; name = AppController.h; path = ios/AppController.h; sourceTree = SOURCE_ROOT; };
		503AE0FB17EB989F00D1A890 /* AppController.mm */ = {isa = PBXFileReference; fileEncoding = 4; lastKnownFileType = sourcecode.cpp.objcpp; name = AppController.mm; path = ios/AppController.mm; sourceTree = SOURCE_ROOT; };
		503AE0FC17EB989F00D1A890 /* main.m */ = {isa = PBXFileReference; fileEncoding = 4; lastKnownFileType = sourcecode.c.objc; name = main.m; path = ios/main.m; sourceTree = SOURCE_ROOT; };
		503AE0FD17EB989F00D1A890 /* Prefix.pch */ = {isa = PBXFileReference; fileEncoding = 4; lastKnownFileType = sourcecode.c.h; name = Prefix.pch; path = ios/Prefix.pch; sourceTree = SOURCE_ROOT; };
		503AE0FE17EB989F00D1A890 /* RootViewController.h */ = {isa = PBXFileReference; fileEncoding = 4; lastKnownFileType = sourcecode.c.h; name = RootViewController.h; path = ios/RootViewController.h; sourceTree = SOURCE_ROOT; };
		503AE0FF17EB989F00D1A890 /* RootViewController.mm */ = {isa = PBXFileReference; fileEncoding = 4; lastKnownFileType = sourcecode.cpp.objcpp; name = RootViewController.mm; path = ios/RootViewController.mm; sourceTree = SOURCE_ROOT; };
		503AE10317EB98FF00D1A890 /* main.cpp */ = {isa = PBXFileReference; fileEncoding = 4; lastKnownFileType = sourcecode.cpp.cpp; name = main.cpp; path = mac/main.cpp; sourceTree = "<group>"; };
		503AE10417EB98FF00D1A890 /* Prefix.pch */ = {isa = PBXFileReference; fileEncoding = 4; lastKnownFileType = sourcecode.c.h; name = Prefix.pch; path = mac/Prefix.pch; sourceTree = "<group>"; };
		503AE11117EB99EE00D1A890 /* libcurl.dylib */ = {isa = PBXFileReference; lastKnownFileType = "compiled.mach-o.dylib"; name = libcurl.dylib; path = usr/lib/libcurl.dylib; sourceTree = SDKROOT; };
		503AE11A17EB9C5A00D1A890 /* IOKit.framework */ = {isa = PBXFileReference; lastKnownFileType = wrapper.framework; name = IOKit.framework; path = System/Library/Frameworks/IOKit.framework; sourceTree = SDKROOT; };
		5087E76F17EB910900C73F5D /* poputar Mac.app */ = {isa = PBXFileReference; explicitFileType = wrapper.application; includeInIndex = 0; path = "poputar Mac.app"; sourceTree = BUILT_PRODUCTS_DIR; };
		5087E77217EB970100C73F5D /* Default-568h@2x.png */ = {isa = PBXFileReference; lastKnownFileType = image.png; path = "Default-568h@2x.png"; sourceTree = "<group>"; };
		5087E77317EB970100C73F5D /* Default.png */ = {isa = PBXFileReference; lastKnownFileType = image.png; path = Default.png; sourceTree = "<group>"; };
		5087E77417EB970100C73F5D /* Default@2x.png */ = {isa = PBXFileReference; lastKnownFileType = image.png; path = "Default@2x.png"; sourceTree = "<group>"; };
		5087E77517EB970100C73F5D /* Icon-114.png */ = {isa = PBXFileReference; lastKnownFileType = image.png; path = "Icon-114.png"; sourceTree = "<group>"; };
		5087E77617EB970100C73F5D /* Icon-120.png */ = {isa = PBXFileReference; lastKnownFileType = image.png; path = "Icon-120.png"; sourceTree = "<group>"; };
		5087E77717EB970100C73F5D /* Icon-144.png */ = {isa = PBXFileReference; lastKnownFileType = image.png; path = "Icon-144.png"; sourceTree = "<group>"; };
		5087E77817EB970100C73F5D /* Icon-152.png */ = {isa = PBXFileReference; lastKnownFileType = image.png; path = "Icon-152.png"; sourceTree = "<group>"; };
		5087E77917EB970100C73F5D /* Icon-57.png */ = {isa = PBXFileReference; lastKnownFileType = image.png; path = "Icon-57.png"; sourceTree = "<group>"; };
		5087E77A17EB970100C73F5D /* Icon-72.png */ = {isa = PBXFileReference; lastKnownFileType = image.png; path = "Icon-72.png"; sourceTree = "<group>"; };
		5087E77B17EB970100C73F5D /* Icon-76.png */ = {isa = PBXFileReference; lastKnownFileType = image.png; path = "Icon-76.png"; sourceTree = "<group>"; };
		5087E77C17EB970100C73F5D /* Info.plist */ = {isa = PBXFileReference; fileEncoding = 4; lastKnownFileType = text.plist.xml; path = Info.plist; sourceTree = "<group>"; };
		5087E78817EB974C00C73F5D /* AppKit.framework */ = {isa = PBXFileReference; lastKnownFileType = wrapper.framework; name = AppKit.framework; path = System/Library/Frameworks/AppKit.framework; sourceTree = SDKROOT; };
		5087E78A17EB975400C73F5D /* OpenGL.framework */ = {isa = PBXFileReference; lastKnownFileType = wrapper.framework; name = OpenGL.framework; path = System/Library/Frameworks/OpenGL.framework; sourceTree = SDKROOT; };
		50EF629217ECD46A001EB2F8 /* Icon-40.png */ = {isa = PBXFileReference; lastKnownFileType = image.png; path = "Icon-40.png"; sourceTree = "<group>"; };
		50EF629317ECD46A001EB2F8 /* Icon-58.png */ = {isa = PBXFileReference; lastKnownFileType = image.png; path = "Icon-58.png"; sourceTree = "<group>"; };
		50EF629417ECD46A001EB2F8 /* Icon-80.png */ = {isa = PBXFileReference; lastKnownFileType = image.png; path = "Icon-80.png"; sourceTree = "<group>"; };
		50EF629517ECD46A001EB2F8 /* Icon-100.png */ = {isa = PBXFileReference; lastKnownFileType = image.png; path = "Icon-100.png"; sourceTree = "<group>"; };
		50EF62A017ECD613001EB2F8 /* Icon-29.png */ = {isa = PBXFileReference; lastKnownFileType = image.png; path = "Icon-29.png"; sourceTree = "<group>"; };
		50EF62A117ECD613001EB2F8 /* Icon-50.png */ = {isa = PBXFileReference; lastKnownFileType = image.png; path = "Icon-50.png"; sourceTree = "<group>"; };
		521A8E6219F0C34300D177D7 /* Default-667h@2x.png */ = {isa = PBXFileReference; lastKnownFileType = image.png; path = "Default-667h@2x.png"; sourceTree = "<group>"; };
		521A8E6319F0C34300D177D7 /* Default-736h@3x.png */ = {isa = PBXFileReference; lastKnownFileType = image.png; path = "Default-736h@3x.png"; sourceTree = "<group>"; };
		52B47A461A53D09B004E4C60 /* Security.framework */ = {isa = PBXFileReference; lastKnownFileType = wrapper.framework; name = Security.framework; path = Platforms/iPhoneOS.platform/Developer/SDKs/iPhoneOS8.1.sdk/System/Library/Frameworks/Security.framework; sourceTree = DEVELOPER_DIR; };
		BF170DB012928DE900B8313A /* OpenGLES.framework */ = {isa = PBXFileReference; lastKnownFileType = wrapper.framework; name = OpenGLES.framework; path = System/Library/Frameworks/OpenGLES.framework; sourceTree = SDKROOT; };
		BF170DB412928DE900B8313A /* libz.dylib */ = {isa = PBXFileReference; lastKnownFileType = "compiled.mach-o.dylib"; name = libz.dylib; path = usr/lib/libz.dylib; sourceTree = SDKROOT; };
		BF1C47EA1293683800B63C5D /* QuartzCore.framework */ = {isa = PBXFileReference; lastKnownFileType = wrapper.framework; name = QuartzCore.framework; path = System/Library/Frameworks/QuartzCore.framework; sourceTree = SDKROOT; };
		D44C620B132DFF330009C878 /* OpenAL.framework */ = {isa = PBXFileReference; lastKnownFileType = wrapper.framework; name = OpenAL.framework; path = System/Library/Frameworks/OpenAL.framework; sourceTree = SDKROOT; };
		D44C620D132DFF430009C878 /* AVFoundation.framework */ = {isa = PBXFileReference; lastKnownFileType = wrapper.framework; name = AVFoundation.framework; path = System/Library/Frameworks/AVFoundation.framework; sourceTree = SDKROOT; };
		D44C620F132DFF4E0009C878 /* AudioToolbox.framework */ = {isa = PBXFileReference; lastKnownFileType = wrapper.framework; name = AudioToolbox.framework; path = System/Library/Frameworks/AudioToolbox.framework; sourceTree = SDKROOT; };
		D6B0611A1803AB670077942B /* CoreMotion.framework */ = {isa = PBXFileReference; lastKnownFileType = wrapper.framework; name = CoreMotion.framework; path = Platforms/iPhoneOS.platform/Developer/SDKs/iPhoneOS7.0.sdk/System/Library/Frameworks/CoreMotion.framework; sourceTree = DEVELOPER_DIR; };
/* End PBXFileReference section */

/* Begin PBXFrameworksBuildPhase section */
		1D60588F0D05DD3D006BFB54 /* Frameworks */ = {
			isa = PBXFrameworksBuildPhase;
			buildActionMask = 2147483647;
			files = (
				04245F7E1ADBBFC000A1D92A /* MediaPlayer.framework in Frameworks */,
				04778F3E1AC25D7600260CFC /* CoreBluetooth.framework in Frameworks */,
				52B47A471A53D09C004E4C60 /* Security.framework in Frameworks */,
				1AC6FB30180E99EB004C840B /* libcocos2d iOS.a in Frameworks */,
				D6B0611B1803AB670077942B /* CoreMotion.framework in Frameworks */,
				1D60589F0D05DD5A006BFB54 /* Foundation.framework in Frameworks */,
				1DF5F4E00D08C38300B7A737 /* UIKit.framework in Frameworks */,
				288765A50DF7441C002DB57D /* CoreGraphics.framework in Frameworks */,
				BF171245129291EC00B8313A /* OpenGLES.framework in Frameworks */,
				BF1712471292920000B8313A /* libz.dylib in Frameworks */,
				BF1C47F01293687400B63C5D /* QuartzCore.framework in Frameworks */,
				D44C620C132DFF330009C878 /* OpenAL.framework in Frameworks */,
				D44C620E132DFF430009C878 /* AVFoundation.framework in Frameworks */,
				D44C6210132DFF4E0009C878 /* AudioToolbox.framework in Frameworks */,
			);
			runOnlyForDeploymentPostprocessing = 0;
		};
		5087E75C17EB910900C73F5D /* Frameworks */ = {
			isa = PBXFrameworksBuildPhase;
			buildActionMask = 2147483647;
			files = (
				1AC6FB21180E996B004C840B /* libcocos2d Mac.a in Frameworks */,
				5087E76717EB910900C73F5D /* libz.dylib in Frameworks */,
				503AE11B17EB9C5A00D1A890 /* IOKit.framework in Frameworks */,
				5087E78B17EB975400C73F5D /* OpenGL.framework in Frameworks */,
				5087E78917EB974C00C73F5D /* AppKit.framework in Frameworks */,
				5087E76317EB910900C73F5D /* Foundation.framework in Frameworks */,
				5087E76817EB910900C73F5D /* QuartzCore.framework in Frameworks */,
				5087E76917EB910900C73F5D /* OpenAL.framework in Frameworks */,
				5087E76A17EB910900C73F5D /* AVFoundation.framework in Frameworks */,
				5087E76B17EB910900C73F5D /* AudioToolbox.framework in Frameworks */,
			);
			runOnlyForDeploymentPostprocessing = 0;
		};
/* End PBXFrameworksBuildPhase section */

/* Begin PBXGroup section */
		04245F981ADD0F5300A1D92A /* End */ = {
			isa = PBXGroup;
			children = (
				04245F991ADD0F5300A1D92A /* EndLayer.cpp */,
				04245F9A1ADD0F5300A1D92A /* EndLayer.h */,
			);
			path = End;
			sourceTree = "<group>";
		};
		04245F9B1ADD0F5300A1D92A /* Start */ = {
			isa = PBXGroup;
			children = (
				04245F9E1ADD0F5300A1D92A /* StartScene.cpp */,
				04245F9F1ADD0F5300A1D92A /* StartScene.h */,
			);
			path = Start;
			sourceTree = "<group>";
		};
		04400F551AEE9B7500596225 /* Play */ = {
			isa = PBXGroup;
			children = (
				049968461B11B23D00B3CABA /* PlayInfo.cpp */,
				049968471B11B23D00B3CABA /* PlayInfo.h */,
				04400F561AEE9B7500596225 /* PlayConfig.cpp */,
				04400F571AEE9B7500596225 /* PlayConfig.h */,
				04400F581AEE9B7500596225 /* PlayRunLayer.cpp */,
				04400F591AEE9B7500596225 /* PlayRunLayer.h */,
				04400F621AEF23ED00596225 /* Section.cpp */,
				04400F631AEF23ED00596225 /* Section.h */,
				043E4B621AF0BAB300A89B31 /* PlayChord.cpp */,
				043E4B631AF0BAB300A89B31 /* PlayChord.h */,
				04C88D331B04E9E300E18F4A /* PlayString.cpp */,
				04C88D341B04E9E300E18F4A /* PlayString.h */,
				047CA43B1B17ECCE0055A36B /* Lyric.cpp */,
				047CA43C1B17ECCE0055A36B /* Lyric.h */,
			);
			path = Play;
			sourceTree = "<group>";
		};
		0458BC551B1BF0C300A66F12 /* Audition */ = {
			isa = PBXGroup;
			children = (
				0458BC561B1BF0C300A66F12 /* AuditionLayer.cpp */,
				0458BC571B1BF0C300A66F12 /* AuditionLayer.h */,
			);
			path = Audition;
			sourceTree = "<group>";
		};
		04778EE21AC2567000260CFC /* Base */ = {
			isa = PBXGroup;
			children = (
				04F0EEB11AEE0CE300B8BBB7 /* POPTSlider.cpp */,
				04F0EEB21AEE0CE300B8BBB7 /* POPTSlider.h */,
				04245F8E1ADCD8F300A1D92A /* POPTBaseDefine.h */,
				04245F951ADCE5B900A1D92A /* Singleton.h */,
				04245F901ADCE54500A1D92A /* POPTGlobal.cpp */,
				04245F911ADCE54500A1D92A /* POPTGlobal.h */,
				04CD4F351AC504D600E59AE5 /* POPTStringUtils.cpp */,
				04CD4F361AC504D600E59AE5 /* POPTStringUtils.h */,
				04CD4F501AC6B1C600E59AE5 /* POPTHelper.cpp */,
				04CD4F511AC6B1C600E59AE5 /* POPTHelper.h */,
				04245F7F1ADBC78C00A1D92A /* POPTVideoPlayer.mm */,
				04245F801ADBC78C00A1D92A /* POPTVideoPlayer.h */,
				04245F8A1ADBEDFF00A1D92A /* MaskBaseLayer.cpp */,
				04245F8B1ADBEDFF00A1D92A /* MaskBaseLayer.h */,
				0499683D1B0C774B00B3CABA /* POPTTonic2StrSingleton.cpp */,
				0499683E1B0C774B00B3CABA /* POPTTonic2StrSingleton.h */,
			);
			path = Base;
			sourceTree = "<group>";
		};
		04778EE71AC2567000260CFC /* Game */ = {
			isa = PBXGroup;
			children = (
				04778EE81AC2567000260CFC /* GameRunScene.cpp */,
				04778EE91AC2567000260CFC /* GameRunScene.h */,
				0458BC551B1BF0C300A66F12 /* Audition */,
				04245F981ADD0F5300A1D92A /* End */,
				04400F551AEE9B7500596225 /* Play */,
				04245F9B1ADD0F5300A1D92A /* Start */,
				047CA43E1B195E5F0055A36B /* Pass */,
			);
			path = Game;
			sourceTree = "<group>";
		};
		04778EEC1AC2567000260CFC /* GameLevel */ = {
			isa = PBXGroup;
			children = (
				04778EED1AC2567000260CFC /* GameLevelScene.cpp */,
				04778EEE1AC2567000260CFC /* GameLevelScene.h */,
				04778EEF1AC2567000260CFC /* GameLevelMenuItem.cpp */,
				04778EF01AC2567000260CFC /* GameLevelMenuItem.h */,
				04853E841ADABEE70023EE1D /* GameLevelSingleton.cpp */,
				04853E851ADABEE70023EE1D /* GameLevelSingleton.h */,
				04CDED791AFDB72200A772DB /* GameLevelCardHandler.cpp */,
				04CDED7A1AFDB72200A772DB /* GameLevelCardHandler.h */,
				04CDED7C1AFDBA5C00A772DB /* GameLevelCardReader.cpp */,
				04CDED7D1AFDBA5C00A772DB /* GameLevelCardReader.h */,
			);
			path = GameLevel;
			sourceTree = "<group>";
		};
		04778EF61AC2567000260CFC /* Model */ = {
			isa = PBXGroup;
			children = (
				04853E881ADAC0AC0023EE1D /* GameLevelInfo.cpp */,
				04853E891ADAC0AC0023EE1D /* GameLevelInfo.h */,
				048FE97A1AEE86D10008E835 /* MusicModel.cpp */,
				048FE97B1AEE86D10008E835 /* MusicModel.h */,
				049968431B11620C00B3CABA /* LyricModel.cpp */,
				049968441B11620C00B3CABA /* LyricModel.h */,
			);
			path = Model;
			sourceTree = "<group>";
		};
		04778F201AC2574900260CFC /* BLEHelper */ = {
			isa = PBXGroup;
			children = (
				04778F391AC25D6400260CFC /* BlueToothHelper.h */,
				04778F3A1AC25D6400260CFC /* BlueToothHelper.mm */,
				04778F231AC2574900260CFC /* PluginHelper.h */,
				04778F241AC2574900260CFC /* PluginHelper.mm */,
			);
			name = BLEHelper;
			path = ios/BLEHelper;
			sourceTree = SOURCE_ROOT;
		};
		047CA43E1B195E5F0055A36B /* Pass */ = {
			isa = PBXGroup;
			children = (
				047CA43F1B195E8A0055A36B /* PassSence.cpp */,
				047CA4401B195E8A0055A36B /* PassSence.h */,
			);
			path = Pass;
			sourceTree = "<group>";
		};
		04CD4F2D1AC4F7AE00E59AE5 /* BlueTooth */ = {
			isa = PBXGroup;
			children = (
				04CD4F2E1AC4F7AE00E59AE5 /* BLEScene.cpp */,
				04CD4F2F1AC4F7AE00E59AE5 /* BLEScene.h */,
				04CD4F321AC4FA4B00E59AE5 /* MusicAnalysis.cpp */,
				04CD4F331AC4FA4B00E59AE5 /* MusicAnalysis.h */,
			);
			path = BlueTooth;
			sourceTree = "<group>";
		};
		04FE96491B1E078C00C72812 /* Setting */ = {
			isa = PBXGroup;
			children = (
				04FE964A1B1E078C00C72812 /* GameSettingLayer.cpp */,
				04FE964B1B1E078C00C72812 /* GameSettingLayer.h */,
			);
			name = Setting;
			path = Game/Setting;
			sourceTree = "<group>";
		};
		04FE964D1B1ED67100C72812 /* MusicLib */ = {
			isa = PBXGroup;
			children = (
				04FE964E1B1ED69C00C72812 /* MusicLibScene.cpp */,
				04FE964F1B1ED69C00C72812 /* MusicLibScene.h */,
			);
			path = MusicLib;
			sourceTree = "<group>";
		};
		080E96DDFE201D6D7F000001 /* ios */ = {
			isa = PBXGroup;
			children = (
				04778F201AC2574900260CFC /* BLEHelper */,
				5087E77117EB970100C73F5D /* Icons */,
				503AE0FA17EB989F00D1A890 /* AppController.h */,
				503AE0FB17EB989F00D1A890 /* AppController.mm */,
				503AE0FC17EB989F00D1A890 /* main.m */,
				503AE0FD17EB989F00D1A890 /* Prefix.pch */,
				503AE0FE17EB989F00D1A890 /* RootViewController.h */,
				503AE0FF17EB989F00D1A890 /* RootViewController.mm */,
			);
			name = ios;
			path = Classes;
			sourceTree = "<group>";
		};
		19C28FACFE9D520D11CA2CBB /* Products */ = {
			isa = PBXGroup;
			children = (
				1D6058910D05DD3D006BFB54 /* poputar iOS.app */,
				5087E76F17EB910900C73F5D /* poputar Mac.app */,
			);
			name = Products;
			sourceTree = "<group>";
		};
		1AC6FAE6180E9839004C840B /* Products */ = {
			isa = PBXGroup;
			children = (
				1AC6FAF9180E9839004C840B /* libcocos2d Mac.a */,
				1AC6FB07180E9839004C840B /* libcocos2d iOS.a */,
			);
			name = Products;
			sourceTree = "<group>";
		};
		29B97314FDCFA39411CA2CEA /* CustomTemplate */ = {
			isa = PBXGroup;
			children = (
				46880B8319C43A87006E1F66 /* Classes */,
				46880B7519C43A67006E1F66 /* Resources */,
				1AC6FAE5180E9839004C840B /* cocos2d_libs.xcodeproj */,
				29B97323FDCFA39411CA2CEA /* Frameworks */,
				080E96DDFE201D6D7F000001 /* ios */,
				503AE10617EB990700D1A890 /* mac */,
				19C28FACFE9D520D11CA2CBB /* Products */,
			);
			name = CustomTemplate;
			sourceTree = "<group>";
		};
		29B97323FDCFA39411CA2CEA /* Frameworks */ = {
			isa = PBXGroup;
			children = (
				04245F7D1ADBBFC000A1D92A /* MediaPlayer.framework */,
				04245F7B1ADBBF7700A1D92A /* CoreVideo.framework */,
				04778F3D1AC25D7600260CFC /* CoreBluetooth.framework */,
				52B47A461A53D09B004E4C60 /* Security.framework */,
				D6B0611A1803AB670077942B /* CoreMotion.framework */,
				503AE11A17EB9C5A00D1A890 /* IOKit.framework */,
				503AE11117EB99EE00D1A890 /* libcurl.dylib */,
				5087E78A17EB975400C73F5D /* OpenGL.framework */,
				5087E78817EB974C00C73F5D /* AppKit.framework */,
				1ACB3243164770DE00914215 /* libcurl.a */,
				BF170DB412928DE900B8313A /* libz.dylib */,
				D44C620F132DFF4E0009C878 /* AudioToolbox.framework */,
				D44C620D132DFF430009C878 /* AVFoundation.framework */,
				288765A40DF7441C002DB57D /* CoreGraphics.framework */,
				1D30AB110D05D00D00671497 /* Foundation.framework */,
				D44C620B132DFF330009C878 /* OpenAL.framework */,
				BF170DB012928DE900B8313A /* OpenGLES.framework */,
				BF1C47EA1293683800B63C5D /* QuartzCore.framework */,
				1DF5F4DF0D08C38300B7A737 /* UIKit.framework */,
			);
			name = Frameworks;
			sourceTree = "<group>";
		};
		46880B7519C43A67006E1F66 /* Resources */ = {
			isa = PBXGroup;
			children = (
				0437C69A1B0C282900CBC492 /* general */,
				04CDED851B00DEA600A772DB /* pad */,
				048FE9731AEE86470008E835 /* fonts */,
				04F0EEB41AEE0E7400B8BBB7 /* audio */,
				04F0EEA71AEE08E900B8BBB7 /* config */,
				04F0EEA91AEE08E900B8BBB7 /* music */,
				04F0EEAA1AEE08E900B8BBB7 /* video */,
				04F0EEA11AEE08C300B8BBB7 /* hd */,
			);
			name = Resources;
			path = ../Resources;
			sourceTree = "<group>";
		};
		46880B8319C43A87006E1F66 /* Classes */ = {
			isa = PBXGroup;
			children = (
				04778F1B1AC2569F00260CFC /* AppDelegate.cpp */,
				04778F1C1AC2569F00260CFC /* AppDelegate.h */,
				04FE96491B1E078C00C72812 /* Setting */,
				04FE964D1B1ED67100C72812 /* MusicLib */,
				04CD4F2D1AC4F7AE00E59AE5 /* BlueTooth */,
				04778EE21AC2567000260CFC /* Base */,
				04778EE71AC2567000260CFC /* Game */,
				04778EEC1AC2567000260CFC /* GameLevel */,
				04778EF61AC2567000260CFC /* Model */,
			);
			name = Classes;
			path = ../Classes;
			sourceTree = "<group>";
		};
		503AE0F517EB97AB00D1A890 /* Icons */ = {
			isa = PBXGroup;
			children = (
				503AE0F617EB97AB00D1A890 /* Icon.icns */,
				503AE0F717EB97AB00D1A890 /* Info.plist */,
			);
			name = Icons;
			path = mac;
			sourceTree = SOURCE_ROOT;
		};
		503AE10617EB990700D1A890 /* mac */ = {
			isa = PBXGroup;
			children = (
				503AE0F517EB97AB00D1A890 /* Icons */,
				503AE10317EB98FF00D1A890 /* main.cpp */,
				503AE10417EB98FF00D1A890 /* Prefix.pch */,
			);
			name = mac;
			sourceTree = "<group>";
		};
		5087E77117EB970100C73F5D /* Icons */ = {
			isa = PBXGroup;
			children = (
				521A8E6219F0C34300D177D7 /* Default-667h@2x.png */,
				521A8E6319F0C34300D177D7 /* Default-736h@3x.png */,
				5087E77217EB970100C73F5D /* Default-568h@2x.png */,
				5087E77317EB970100C73F5D /* Default.png */,
				5087E77417EB970100C73F5D /* Default@2x.png */,
				50EF62A017ECD613001EB2F8 /* Icon-29.png */,
				50EF62A117ECD613001EB2F8 /* Icon-50.png */,
				50EF629217ECD46A001EB2F8 /* Icon-40.png */,
				50EF629317ECD46A001EB2F8 /* Icon-58.png */,
				50EF629417ECD46A001EB2F8 /* Icon-80.png */,
				50EF629517ECD46A001EB2F8 /* Icon-100.png */,
				5087E77517EB970100C73F5D /* Icon-114.png */,
				5087E77617EB970100C73F5D /* Icon-120.png */,
				5087E77717EB970100C73F5D /* Icon-144.png */,
				5087E77817EB970100C73F5D /* Icon-152.png */,
				5087E77917EB970100C73F5D /* Icon-57.png */,
				5087E77A17EB970100C73F5D /* Icon-72.png */,
				5087E77B17EB970100C73F5D /* Icon-76.png */,
				5087E77C17EB970100C73F5D /* Info.plist */,
			);
			name = Icons;
			path = ios;
			sourceTree = SOURCE_ROOT;
		};
/* End PBXGroup section */

/* Begin PBXNativeTarget section */
		1D6058900D05DD3D006BFB54 /* poputar iOS */ = {
			isa = PBXNativeTarget;
			buildConfigurationList = 1D6058960D05DD3E006BFB54 /* Build configuration list for PBXNativeTarget "poputar iOS" */;
			buildPhases = (
				1D60588D0D05DD3D006BFB54 /* Resources */,
				1D60588E0D05DD3D006BFB54 /* Sources */,
				1D60588F0D05DD3D006BFB54 /* Frameworks */,
			);
			buildRules = (
			);
			dependencies = (
				1AC6FB25180E99E1004C840B /* PBXTargetDependency */,
			);
			name = "poputar iOS";
			productName = iphone;
			productReference = 1D6058910D05DD3D006BFB54 /* poputar iOS.app */;
			productType = "com.apple.product-type.application";
		};
		5087E73D17EB910900C73F5D /* poputar Mac */ = {
			isa = PBXNativeTarget;
			buildConfigurationList = 5087E76C17EB910900C73F5D /* Build configuration list for PBXNativeTarget "poputar Mac" */;
			buildPhases = (
				5087E74817EB910900C73F5D /* Resources */,
				5087E75617EB910900C73F5D /* Sources */,
				5087E75C17EB910900C73F5D /* Frameworks */,
			);
			buildRules = (
			);
			dependencies = (
				1AC6FB16180E9959004C840B /* PBXTargetDependency */,
			);
			name = "poputar Mac";
			productName = iphone;
			productReference = 5087E76F17EB910900C73F5D /* poputar Mac.app */;
			productType = "com.apple.product-type.application";
		};
/* End PBXNativeTarget section */

/* Begin PBXProject section */
		29B97313FDCFA39411CA2CEA /* Project object */ = {
			isa = PBXProject;
			attributes = {
				LastUpgradeCheck = 0500;
				TargetAttributes = {
					1D6058900D05DD3D006BFB54 = {
						DevelopmentTeam = E8N96C6G6N;
					};
				};
			};
			buildConfigurationList = C01FCF4E08A954540054247B /* Build configuration list for PBXProject "poputar" */;
			compatibilityVersion = "Xcode 3.2";
			developmentRegion = English;
			hasScannedForEncodings = 1;
			knownRegions = (
				English,
				Japanese,
				French,
				German,
			);
			mainGroup = 29B97314FDCFA39411CA2CEA /* CustomTemplate */;
			projectDirPath = "";
			projectReferences = (
				{
					ProductGroup = 1AC6FAE6180E9839004C840B /* Products */;
					ProjectRef = 1AC6FAE5180E9839004C840B /* cocos2d_libs.xcodeproj */;
				},
			);
			projectRoot = "";
			targets = (
				1D6058900D05DD3D006BFB54 /* poputar iOS */,
				5087E73D17EB910900C73F5D /* poputar Mac */,
			);
		};
/* End PBXProject section */

/* Begin PBXReferenceProxy section */
		1AC6FAF9180E9839004C840B /* libcocos2d Mac.a */ = {
			isa = PBXReferenceProxy;
			fileType = archive.ar;
			path = "libcocos2d Mac.a";
			remoteRef = 1AC6FAF8180E9839004C840B /* PBXContainerItemProxy */;
			sourceTree = BUILT_PRODUCTS_DIR;
		};
		1AC6FB07180E9839004C840B /* libcocos2d iOS.a */ = {
			isa = PBXReferenceProxy;
			fileType = archive.ar;
			path = "libcocos2d iOS.a";
			remoteRef = 1AC6FB06180E9839004C840B /* PBXContainerItemProxy */;
			sourceTree = BUILT_PRODUCTS_DIR;
		};
/* End PBXReferenceProxy section */

/* Begin PBXResourcesBuildPhase section */
		1D60588D0D05DD3D006BFB54 /* Resources */ = {
			isa = PBXResourcesBuildPhase;
			buildActionMask = 2147483647;
			files = (
				04F0EEAF1AEE08E900B8BBB7 /* video in Resources */,
				5087E78117EB970100C73F5D /* Icon-120.png in Resources */,
				5087E78617EB970100C73F5D /* Icon-76.png in Resources */,
				5087E77F17EB970100C73F5D /* Default@2x.png in Resources */,
				50EF629917ECD46A001EB2F8 /* Icon-100.png in Resources */,
				04F0EEAC1AEE08E900B8BBB7 /* config in Resources */,
				5087E78317EB970100C73F5D /* Icon-152.png in Resources */,
				5087E77D17EB970100C73F5D /* Default-568h@2x.png in Resources */,
				5087E78517EB970100C73F5D /* Icon-72.png in Resources */,
				521A8E6519F0C34300D177D7 /* Default-736h@3x.png in Resources */,
				50EF62A317ECD613001EB2F8 /* Icon-50.png in Resources */,
				5087E78017EB970100C73F5D /* Icon-114.png in Resources */,
				50EF62A217ECD613001EB2F8 /* Icon-29.png in Resources */,
				50EF629617ECD46A001EB2F8 /* Icon-40.png in Resources */,
				5087E78217EB970100C73F5D /* Icon-144.png in Resources */,
				048FE9741AEE86470008E835 /* fonts in Resources */,
				04CDED861B00DEA600A772DB /* pad in Resources */,
				04F0EEA41AEE08C300B8BBB7 /* hd in Resources */,
				04F0EEAE1AEE08E900B8BBB7 /* music in Resources */,
				50EF629817ECD46A001EB2F8 /* Icon-80.png in Resources */,
				04F0EEB51AEE0E7400B8BBB7 /* audio in Resources */,
				5087E78417EB970100C73F5D /* Icon-57.png in Resources */,
				5087E77E17EB970100C73F5D /* Default.png in Resources */,
				0437C69B1B0C282900CBC492 /* general in Resources */,
				521A8E6419F0C34300D177D7 /* Default-667h@2x.png in Resources */,
				50EF629717ECD46A001EB2F8 /* Icon-58.png in Resources */,
			);
			runOnlyForDeploymentPostprocessing = 0;
		};
		5087E74817EB910900C73F5D /* Resources */ = {
			isa = PBXResourcesBuildPhase;
			buildActionMask = 2147483647;
			files = (
				048FE9751AEE86470008E835 /* fonts in Resources */,
				503AE0F817EB97AB00D1A890 /* Icon.icns in Resources */,
			);
			runOnlyForDeploymentPostprocessing = 0;
		};
/* End PBXResourcesBuildPhase section */

/* Begin PBXSourcesBuildPhase section */
		1D60588E0D05DD3D006BFB54 /* Sources */ = {
			isa = PBXSourcesBuildPhase;
			buildActionMask = 2147483647;
			files = (
				04778F3B1AC25D6400260CFC /* BlueToothHelper.mm in Sources */,
				04778F271AC2574900260CFC /* PluginHelper.mm in Sources */,
				04778F071AC2567000260CFC /* GameLevelScene.cpp in Sources */,
				04245FA41ADD0F5300A1D92A /* StartScene.cpp in Sources */,
				0458BC581B1BF0C300A66F12 /* AuditionLayer.cpp in Sources */,
				04CD4F371AC504D600E59AE5 /* POPTStringUtils.cpp in Sources */,
				049968481B11B23D00B3CABA /* PlayInfo.cpp in Sources */,
				04F0EEB31AEE0CE300B8BBB7 /* POPTSlider.cpp in Sources */,
				047CA43D1B17ECCE0055A36B /* Lyric.cpp in Sources */,
				04CD4F301AC4F7AE00E59AE5 /* BLEScene.cpp in Sources */,
				04245F921ADCE54500A1D92A /* POPTGlobal.cpp in Sources */,
				047CA4411B195E8A0055A36B /* PassSence.cpp in Sources */,
				04400F5E1AEE9B7500596225 /* PlayRunLayer.cpp in Sources */,
				503AE10017EB989F00D1A890 /* AppController.mm in Sources */,
				04FE964C1B1E078C00C72812 /* GameSettingLayer.cpp in Sources */,
				04400F641AEF23ED00596225 /* Section.cpp in Sources */,
				0499683F1B0C774B00B3CABA /* POPTTonic2StrSingleton.cpp in Sources */,
				04CD4F341AC4FA4B00E59AE5 /* MusicAnalysis.cpp in Sources */,
				04778F031AC2567000260CFC /* GameRunScene.cpp in Sources */,
				04CDED7B1AFDB72200A772DB /* GameLevelCardHandler.cpp in Sources */,
				04245F8C1ADBEDFF00A1D92A /* MaskBaseLayer.cpp in Sources */,
				048FE97C1AEE86D10008E835 /* MusicModel.cpp in Sources */,
				04778F1D1AC2569F00260CFC /* AppDelegate.cpp in Sources */,
				04C88D351B04E9E300E18F4A /* PlayString.cpp in Sources */,
				04400F5C1AEE9B7500596225 /* PlayConfig.cpp in Sources */,
				04245F811ADBC78C00A1D92A /* POPTVideoPlayer.mm in Sources */,
				049968451B11620C00B3CABA /* LyricModel.cpp in Sources */,
				503AE10217EB989F00D1A890 /* RootViewController.mm in Sources */,
				043E4B641AF0BAB300A89B31 /* PlayChord.cpp in Sources */,
				04CDED7E1AFDBA5C00A772DB /* GameLevelCardReader.cpp in Sources */,
				04853E861ADABEE70023EE1D /* GameLevelSingleton.cpp in Sources */,
				04CD4F521AC6B1C600E59AE5 /* POPTHelper.cpp in Sources */,
				04FE96501B1ED69C00C72812 /* MusicLibScene.cpp in Sources */,
				04853E8A1ADAC0AC0023EE1D /* GameLevelInfo.cpp in Sources */,
				04245FA01ADD0F5300A1D92A /* EndLayer.cpp in Sources */,
				04778F091AC2567000260CFC /* GameLevelMenuItem.cpp in Sources */,
				503AE10117EB989F00D1A890 /* main.m in Sources */,
			);
			runOnlyForDeploymentPostprocessing = 0;
		};
		5087E75617EB910900C73F5D /* Sources */ = {
			isa = PBXSourcesBuildPhase;
			buildActionMask = 2147483647;
			files = (
				04778F3C1AC25D6400260CFC /* BlueToothHelper.mm in Sources */,
				04245F821ADBC78C00A1D92A /* POPTVideoPlayer.mm in Sources */,
				04400F5D1AEE9B7500596225 /* PlayConfig.cpp in Sources */,
				04778F041AC2567000260CFC /* GameRunScene.cpp in Sources */,
				04245FA51ADD0F5300A1D92A /* StartScene.cpp in Sources */,
				04778F1E1AC2569F00260CFC /* AppDelegate.cpp in Sources */,
				04778F281AC2574900260CFC /* PluginHelper.mm in Sources */,
				04778F0A1AC2567000260CFC /* GameLevelMenuItem.cpp in Sources */,
				04245F8D1ADBEDFF00A1D92A /* MaskBaseLayer.cpp in Sources */,
				04778F081AC2567000260CFC /* GameLevelScene.cpp in Sources */,
				04400F5F1AEE9B7500596225 /* PlayRunLayer.cpp in Sources */,
				04400F651AEF23ED00596225 /* Section.cpp in Sources */,
				503AE10517EB98FF00D1A890 /* main.cpp in Sources */,
				04853E8B1ADAC0AC0023EE1D /* GameLevelInfo.cpp in Sources */,
				04245FA11ADD0F5300A1D92A /* EndLayer.cpp in Sources */,
				048FE97D1AEE86D10008E835 /* MusicModel.cpp in Sources */,
				04853E871ADABEE70023EE1D /* GameLevelSingleton.cpp in Sources */,
				04245F931ADCE54500A1D92A /* POPTGlobal.cpp in Sources */,
				04CD4F381AC504D600E59AE5 /* POPTStringUtils.cpp in Sources */,
			);
			runOnlyForDeploymentPostprocessing = 0;
		};
/* End PBXSourcesBuildPhase section */

/* Begin PBXTargetDependency section */
		1AC6FB16180E9959004C840B /* PBXTargetDependency */ = {
			isa = PBXTargetDependency;
			name = "cocos2dx Mac";
			targetProxy = 1AC6FB15180E9959004C840B /* PBXContainerItemProxy */;
		};
		1AC6FB25180E99E1004C840B /* PBXTargetDependency */ = {
			isa = PBXTargetDependency;
			name = "cocos2dx iOS";
			targetProxy = 1AC6FB24180E99E1004C840B /* PBXContainerItemProxy */;
		};
/* End PBXTargetDependency section */

/* Begin XCBuildConfiguration section */
		1D6058940D05DD3E006BFB54 /* Debug */ = {
			isa = XCBuildConfiguration;
			buildSettings = {
				ALWAYS_SEARCH_USER_PATHS = YES;
				CODE_SIGN_IDENTITY = "iPhone Developer: yan Zhao (GCRSQS7WY4)";
				"CODE_SIGN_IDENTITY[sdk=iphoneos*]" = "iPhone Developer";
				COMPRESS_PNG_FILES = NO;
				GCC_DYNAMIC_NO_PIC = NO;
				GCC_INLINES_ARE_PRIVATE_EXTERN = NO;
				GCC_PRECOMPILE_PREFIX_HEADER = YES;
				GCC_PREFIX_HEADER = ios/Prefix.pch;
				GCC_PREPROCESSOR_DEFINITIONS = (
					USE_FILE32API,
					CC_TARGET_OS_IPHONE,
					"COCOS2D_DEBUG=1",
					"CC_ENABLE_CHIPMUNK_INTEGRATION=1",
				);
				GCC_SYMBOLS_PRIVATE_EXTERN = NO;
				HEADER_SEARCH_PATHS = (
					"$(inherited)",
					"$(SRCROOT)/../cocos2d/cocos/platform/ios",
					"$(SRCROOT)/../cocos2d/cocos/platform/ios/Simulation",
				);
				INFOPLIST_FILE = ios/Info.plist;
				IPHONEOS_DEPLOYMENT_TARGET = 5.0;
				LIBRARY_SEARCH_PATHS = "";
				OTHER_LDFLAGS = (
					"$(_COCOS_LIB_IOS_BEGIN)",
					"$(_COCOS_LIB_IOS_END)",
				);
				PROVISIONING_PROFILE = "";
				SDKROOT = iphoneos;
				TARGETED_DEVICE_FAMILY = "1,2";
				USER_HEADER_SEARCH_PATHS = "$(_COCOS_HEADER_IOS_BEGIN) $(_COCOS_HEADER_IOS_END)";
				VALID_ARCHS = "arm64 armv7";
			};
			name = Debug;
		};
		1D6058950D05DD3E006BFB54 /* Release */ = {
			isa = XCBuildConfiguration;
			buildSettings = {
				ALWAYS_SEARCH_USER_PATHS = YES;
				CODE_SIGN_IDENTITY = "iPhone Developer: yan Zhao (GCRSQS7WY4)";
				"CODE_SIGN_IDENTITY[sdk=iphoneos*]" = "iPhone Developer";
				COMPRESS_PNG_FILES = NO;
				GCC_INLINES_ARE_PRIVATE_EXTERN = NO;
				GCC_PRECOMPILE_PREFIX_HEADER = YES;
				GCC_PREFIX_HEADER = ios/Prefix.pch;
				GCC_PREPROCESSOR_DEFINITIONS = (
					USE_FILE32API,
					CC_TARGET_OS_IPHONE,
					"CC_ENABLE_CHIPMUNK_INTEGRATION=1",
				);
				GCC_SYMBOLS_PRIVATE_EXTERN = NO;
				HEADER_SEARCH_PATHS = (
					"$(inherited)",
					"$(SRCROOT)/../cocos2d/cocos/platform/ios",
					"$(SRCROOT)/../cocos2d/cocos/platform/ios/Simulation",
				);
				INFOPLIST_FILE = ios/Info.plist;
				IPHONEOS_DEPLOYMENT_TARGET = 5.0;
				LIBRARY_SEARCH_PATHS = "";
				OTHER_LDFLAGS = (
					"$(_COCOS_LIB_IOS_BEGIN)",
					"$(_COCOS_LIB_IOS_END)",
				);
				PROVISIONING_PROFILE = "";
				SDKROOT = iphoneos;
				TARGETED_DEVICE_FAMILY = "1,2";
				USER_HEADER_SEARCH_PATHS = "$(_COCOS_HEADER_IOS_BEGIN) $(_COCOS_HEADER_IOS_END)";
				VALID_ARCHS = "arm64 armv7";
			};
			name = Release;
		};
		5087E76D17EB910900C73F5D /* Debug */ = {
			isa = XCBuildConfiguration;
			buildSettings = {
				ALWAYS_SEARCH_USER_PATHS = YES;
				ARCHS = "$(ARCHS_STANDARD_64_BIT)";
				CLANG_CXX_LANGUAGE_STANDARD = "c++0x";
				CLANG_CXX_LIBRARY = "libc++";
				GCC_DYNAMIC_NO_PIC = NO;
				GCC_INLINES_ARE_PRIVATE_EXTERN = NO;
				GCC_PRECOMPILE_PREFIX_HEADER = YES;
				GCC_PREFIX_HEADER = mac/Prefix.pch;
				GCC_PREPROCESSOR_DEFINITIONS = (
					USE_FILE32API,
					CC_TARGET_OS_MAC,
					"COCOS2D_DEBUG=1",
					"CC_ENABLE_CHIPMUNK_INTEGRATION=1",
				);
				GCC_SYMBOLS_PRIVATE_EXTERN = NO;
				HEADER_SEARCH_PATHS = (
					"$(inherited)",
					"$(SRCROOT)/../cocos2d/cocos/platform/mac",
					"$(SRCROOT)/../cocos2d/external/glfw3/include/mac",
				);
				INFOPLIST_FILE = mac/Info.plist;
				LIBRARY_SEARCH_PATHS = "";
				OTHER_LDFLAGS = (
					"$(_COCOS_LIB_MAC_BEGIN)",
					"$(_COCOS_LIB_MAC_END)",
				);
				USER_HEADER_SEARCH_PATHS = "$(_COCOS_HEADER_MAC_BEGIN) $(_COCOS_HEADER_MAC_END)";
			};
			name = Debug;
		};
		5087E76E17EB910900C73F5D /* Release */ = {
			isa = XCBuildConfiguration;
			buildSettings = {
				ALWAYS_SEARCH_USER_PATHS = YES;
				ARCHS = "$(ARCHS_STANDARD_64_BIT)";
				CLANG_CXX_LANGUAGE_STANDARD = "c++0x";
				CLANG_CXX_LIBRARY = "libc++";
				GCC_INLINES_ARE_PRIVATE_EXTERN = NO;
				GCC_PRECOMPILE_PREFIX_HEADER = YES;
				GCC_PREFIX_HEADER = mac/Prefix.pch;
				GCC_PREPROCESSOR_DEFINITIONS = (
					USE_FILE32API,
					CC_TARGET_OS_MAC,
					"CC_ENABLE_CHIPMUNK_INTEGRATION=1",
				);
				GCC_SYMBOLS_PRIVATE_EXTERN = NO;
				HEADER_SEARCH_PATHS = (
					"$(inherited)",
					"$(SRCROOT)/../cocos2d/cocos/platform/mac",
					"$(SRCROOT)/../cocos2d/external/glfw3/include/mac",
				);
				INFOPLIST_FILE = mac/Info.plist;
				LIBRARY_SEARCH_PATHS = "";
				OTHER_LDFLAGS = (
					"$(_COCOS_LIB_MAC_BEGIN)",
					"$(_COCOS_LIB_MAC_END)",
				);
				USER_HEADER_SEARCH_PATHS = "$(_COCOS_HEADER_MAC_BEGIN) $(_COCOS_HEADER_MAC_END)";
			};
			name = Release;
		};
		C01FCF4F08A954540054247B /* Debug */ = {
			isa = XCBuildConfiguration;
			buildSettings = {
				CLANG_CXX_LANGUAGE_STANDARD = "c++0x";
				CLANG_CXX_LIBRARY = "libc++";
				COPY_PHASE_STRIP = NO;
				GCC_OPTIMIZATION_LEVEL = 0;
				GCC_WARN_ABOUT_RETURN_TYPE = YES;
				GCC_WARN_UNUSED_VARIABLE = YES;
				HEADER_SEARCH_PATHS = (
					"$(SRCROOT)/../cocos2d",
					"$(SRCROOT)/../cocos2d/cocos",
					"$(SRCROOT)/../cocos2d/cocos/base",
					"$(SRCROOT)/../cocos2d/cocos/physics",
					"$(SRCROOT)/../cocos2d/cocos/math",
					"$(SRCROOT)/../cocos2d/cocos/2d",
					"$(SRCROOT)/../cocos2d/cocos/ui",
					"$(SRCROOT)/../cocos2d/cocos/network",
					"$(SRCROOT)/../cocos2d/cocos/audio/include",
					"$(SRCROOT)/../cocos2d/cocos/editor-support",
					"$(SRCROOT)/../cocos2d/extensions",
					"$(SRCROOT)/../cocos2d/external",
					"$(SRCROOT)/../cocos2d/external/chipmunk/include/chipmunk",
				);
				MACOSX_DEPLOYMENT_TARGET = 10.7;
				ONLY_ACTIVE_ARCH = YES;
				PRODUCT_NAME = "$(TARGET_NAME)";
				SDKROOT = macosx;
			};
			name = Debug;
		};
		C01FCF5008A954540054247B /* Release */ = {
			isa = XCBuildConfiguration;
			buildSettings = {
				CLANG_CXX_LANGUAGE_STANDARD = "c++0x";
				CLANG_CXX_LIBRARY = "libc++";
				GCC_WARN_ABOUT_RETURN_TYPE = YES;
				GCC_WARN_UNUSED_VARIABLE = YES;
				HEADER_SEARCH_PATHS = (
					"$(SRCROOT)/../cocos2d",
					"$(SRCROOT)/../cocos2d/cocos",
					"$(SRCROOT)/../cocos2d/cocos/base",
					"$(SRCROOT)/../cocos2d/cocos/physics",
					"$(SRCROOT)/../cocos2d/cocos/math",
					"$(SRCROOT)/../cocos2d/cocos/2d",
					"$(SRCROOT)/../cocos2d/cocos/ui",
					"$(SRCROOT)/../cocos2d/cocos/network",
					"$(SRCROOT)/../cocos2d/cocos/audio/include",
					"$(SRCROOT)/../cocos2d/cocos/editor-support",
					"$(SRCROOT)/../cocos2d/extensions",
					"$(SRCROOT)/../cocos2d/external",
					"$(SRCROOT)/../cocos2d/external/chipmunk/include/chipmunk",
				);
				MACOSX_DEPLOYMENT_TARGET = 10.7;
				OTHER_CFLAGS = "-DNS_BLOCK_ASSERTIONS=1";
				PRODUCT_NAME = "$(TARGET_NAME)";
				SDKROOT = macosx;
				VALIDATE_PRODUCT = YES;
			};
			name = Release;
		};
/* End XCBuildConfiguration section */

/* Begin XCConfigurationList section */
		1D6058960D05DD3E006BFB54 /* Build configuration list for PBXNativeTarget "poputar iOS" */ = {
			isa = XCConfigurationList;
			buildConfigurations = (
				1D6058940D05DD3E006BFB54 /* Debug */,
				1D6058950D05DD3E006BFB54 /* Release */,
			);
			defaultConfigurationIsVisible = 0;
			defaultConfigurationName = Debug;
		};
		5087E76C17EB910900C73F5D /* Build configuration list for PBXNativeTarget "poputar Mac" */ = {
			isa = XCConfigurationList;
			buildConfigurations = (
				5087E76D17EB910900C73F5D /* Debug */,
				5087E76E17EB910900C73F5D /* Release */,
			);
			defaultConfigurationIsVisible = 0;
			defaultConfigurationName = Debug;
		};
		C01FCF4E08A954540054247B /* Build configuration list for PBXProject "poputar" */ = {
			isa = XCConfigurationList;
			buildConfigurations = (
				C01FCF4F08A954540054247B /* Debug */,
				C01FCF5008A954540054247B /* Release */,
			);
			defaultConfigurationIsVisible = 0;
			defaultConfigurationName = Debug;
		};
/* End XCConfigurationList section */
	};
	rootObject = 29B97313FDCFA39411CA2CEA /* Project object */;
}
